
Microsoft Visual Studio Solution File, Format Version 12.00
# Visual Studio Version 17
VisualStudioVersion = 17.9.34607.119
MinimumVisualStudioVersion = 10.0.40219.1
Project("{FAE04EC0-301F-11D3-BF4B-00C04F79EFBC}") = "AteneaApp.Android", "AteneaApp\AteneaApp.Android\AteneaApp.Android.csproj", "{FE427733-4AD0-4396-AEFB-420AA73F89C6}"
EndProject
Project("{FAE04EC0-301F-11D3-BF4B-00C04F79EFBC}") = "AteneaApp", "AteneaApp\AteneaApp\AteneaApp.csproj", "{83B351A7-3394-4079-A660-5786BEEEB7DE}"
EndProject
Global
	GlobalSection(SolutionConfigurationPlatforms) = preSolution
		Debug|Any CPU = Debug|Any CPU
		Release|Any CPU = Release|Any CPU
	EndGlobalSection
	GlobalSection(ProjectConfigurationPlatforms) = postSolution
		{FE427733-4AD0-4396-AEFB-420AA73F89C6}.Debug|Any CPU.ActiveCfg = Debug|Any CPU
		{FE427733-4AD0-4396-AEFB-420AA73F89C6}.Debug|Any CPU.Build.0 = Debug|Any CPU
		{FE427733-4AD0-4396-AEFB-420AA73F89C6}.Debug|Any CPU.Deploy.0 = Debug|Any CPU
		{FE427733-4AD0-4396-AEFB-420AA73F89C6}.Release|Any CPU.ActiveCfg = Release|Any CPU
		{FE427733-4AD0-4396-AEFB-420AA73F89C6}.Release|Any CPU.Build.0 = Release|Any CPU
		{FE427733-4AD0-4396-AEFB-420AA73F89C6}.Release|Any CPU.Deploy.0 = Release|Any CPU
		{83B351A7-3394-4079-A660-5786BEEEB7DE}.Debug|Any CPU.ActiveCfg = Debug|Any CPU
		{83B351A7-3394-4079-A660-5786BEEEB7DE}.Debug|Any CPU.Build.0 = Debug|Any CPU
		{83B351A7-3394-4079-A660-5786BEEEB7DE}.Debug|Any CPU.Deploy.0 = Debug|Any CPU
		{83B351A7-3394-4079-A660-5786BEEEB7DE}.Release|Any CPU.ActiveCfg = Release|Any CPU
		{83B351A7-3394-4079-A660-5786BEEEB7DE}.Release|Any CPU.Build.0 = Release|Any CPU
		{83B351A7-3394-4079-A660-5786BEEEB7DE}.Release|Any CPU.Deploy.0 = Release|Any CPU
	EndGlobalSection
	GlobalSection(SolutionProperties) = preSolution
		HideSolutionNode = FALSE
	EndGlobalSection
	GlobalSection(ExtensibilityGlobals) = postSolution
		SolutionGuid = {D3D5547E-BCC8-497D-A384-65133EAD53C2}
	EndGlobalSection
EndGlobal
